// !$*UTF8*$!
{
	archiveVersion = 1;
	classes = {
	};
	objectVersion = 46;
	objects = {

/* Begin PBXBuildFile section */
		0442BC201D85F68B00C768AD /* main.cpp in Sources */ = {isa = PBXBuildFile; fileRef = 0442BC1F1D85F68B00C768AD /* main.cpp */; };
		0442BC221D85F6B000C768AD /* libcrypto.tbd in Frameworks */ = {isa = PBXBuildFile; fileRef = 0442BC211D85F6B000C768AD /* libcrypto.tbd */; };
/* End PBXBuildFile section */

/* Begin PBXCopyFilesBuildPhase section */
		04D20ED41D83AE8800D130DD /* CopyFiles */ = {
			isa = PBXCopyFilesBuildPhase;
			buildActionMask = 2147483647;
			dstPath = /usr/share/man/man1/;
			dstSubfolderSpec = 0;
			files = (
			);
			runOnlyForDeploymentPostprocessing = 1;
		};
/* End PBXCopyFilesBuildPhase section */

/* Begin PBXFileReference section */
		042BC2BA1D85F99A00ADD70F /* ui.h */ = {isa = PBXFileReference; lastKnownFileType = sourcecode.c.h; path = ui.h; sourceTree = "<group>"; };
		0442BC1F1D85F68B00C768AD /* main.cpp */ = {isa = PBXFileReference; fileEncoding = 4; lastKnownFileType = sourcecode.cpp.cpp; path = main.cpp; sourceTree = "<group>"; };
		0442BC211D85F6B000C768AD /* libcrypto.tbd */ = {isa = PBXFileReference; lastKnownFileType = "sourcecode.text-based-dylib-definition"; name = libcrypto.tbd; path = usr/lib/libcrypto.tbd; sourceTree = SDKROOT; };
		04D20ED61D83AE8800D130DD /* DuplicateFinder */ = {isa = PBXFileReference; explicitFileType = "compiled.mach-o.executable"; includeInIndex = 0; path = DuplicateFinder; sourceTree = BUILT_PRODUCTS_DIR; };
/* End PBXFileReference section */

/* Begin PBXFrameworksBuildPhase section */
		04D20ED31D83AE8800D130DD /* Frameworks */ = {
			isa = PBXFrameworksBuildPhase;
			buildActionMask = 2147483647;
			files = (
				0442BC221D85F6B000C768AD /* libcrypto.tbd in Frameworks */,
			);
			runOnlyForDeploymentPostprocessing = 0;
		};
/* End PBXFrameworksBuildPhase section */

/* Begin PBXGroup section */
		04D20ECD1D83AE8800D130DD = {
			isa = PBXGroup;
			children = (
				0442BC211D85F6B000C768AD /* libcrypto.tbd */,
				04D20ED81D83AE8800D130DD /* src */,
				04D20ED71D83AE8800D130DD /* Products */,
			);
			sourceTree = "<group>";
		};
		04D20ED71D83AE8800D130DD /* Products */ = {
			isa = PBXGroup;
			children = (
				04D20ED61D83AE8800D130DD /* DuplicateFinder */,
			);
			name = Products;
			sourceTree = "<group>";
		};
		04D20ED81D83AE8800D130DD /* src */ = {
			isa = PBXGroup;
			children = (
				042BC2BA1D85F99A00ADD70F /* ui.h */,
				0442BC1F1D85F68B00C768AD /* main.cpp */,
			);
			name = src;
			path = ../src;
			sourceTree = "<group>";
		};
/* End PBXGroup section */

/* Begin PBXNativeTarget section */
		04D20ED51D83AE8800D130DD /* DuplicateFinder */ = {
			isa = PBXNativeTarget;
			buildConfigurationList = 04D20EDD1D83AE8800D130DD /* Build configuration list for PBXNativeTarget "DuplicateFinder" */;
			buildPhases = (
				04D20ED21D83AE8800D130DD /* Sources */,
				04D20ED31D83AE8800D130DD /* Frameworks */,
				04D20ED41D83AE8800D130DD /* CopyFiles */,
			);
			buildRules = (
			);
			dependencies = (
			);
			name = DuplicateFinder;
			productName = DuplicateFinder;
			productReference = 04D20ED61D83AE8800D130DD /* DuplicateFinder */;
			productType = "com.apple.product-type.tool";
		};
/* End PBXNativeTarget section */

/* Begin PBXProject section */
		04D20ECE1D83AE8800D130DD /* Project object */ = {
			isa = PBXProject;
			attributes = {
				LastUpgradeCheck = 0730;
				ORGANIZATIONNAME = Jack;
				TargetAttributes = {
					04D20ED51D83AE8800D130DD = {
						CreatedOnToolsVersion = 7.3.1;
					};
				};
			};
			buildConfigurationList = 04D20ED11D83AE8800D130DD /* Build configuration list for PBXProject "DuplicateFinder" */;
			compatibilityVersion = "Xcode 3.2";
			developmentRegion = English;
			hasScannedForEncodings = 0;
			knownRegions = (
				en,
			);
			mainGroup = 04D20ECD1D83AE8800D130DD;
			productRefGroup = 04D20ED71D83AE8800D130DD /* Products */;
			projectDirPath = "";
			projectRoot = "";
			targets = (
				04D20ED51D83AE8800D130DD /* DuplicateFinder */,
			);
		};
/* End PBXProject section */

/* Begin PBXSourcesBuildPhase section */
		04D20ED21D83AE8800D130DD /* Sources */ = {
			isa = PBXSourcesBuildPhase;
			buildActionMask = 2147483647;
			files = (
				0442BC201D85F68B00C768AD /* main.cpp in Sources */,
			);
			runOnlyForDeploymentPostprocessing = 0;
		};
/* End PBXSourcesBuildPhase section */

/* Begin XCBuildConfiguration section */
		04D20EDB1D83AE8800D130DD /* Debug */ = {
			isa = XCBuildConfiguration;
			buildSettings = {
				ALWAYS_SEARCH_USER_PATHS = NO;
				CLANG_ANALYZER_NONNULL = YES;
				CLANG_CXX_LANGUAGE_STANDARD = "gnu++0x";
				CLANG_CXX_LIBRARY = "libc++";
				CLANG_ENABLE_MODULES = YES;
				CLANG_ENABLE_OBJC_ARC = YES;
				CLANG_WARN_BOOL_CONVERSION = YES;
				CLANG_WARN_CONSTANT_CONVERSION = YES;
				CLANG_WARN_DIRECT_OBJC_ISA_USAGE = YES_ERROR;
				CLANG_WARN_EMPTY_BODY = YES;
				CLANG_WARN_ENUM_CONVERSION = YES;
				CLANG_WARN_INT_CONVERSION = YES;
				CLANG_WARN_OBJC_ROOT_CLASS = YES_ERROR;
				CLANG_WARN_UNREACHABLE_CODE = YES;
				CLANG_WARN__DUPLICATE_METHOD_MATCH = YES;
				CODE_SIGN_IDENTITY = "-";
				COPY_PHASE_STRIP = NO;
				DEBUG_INFORMATION_FORMAT = dwarf;
				ENABLE_STRICT_OBJC_MSGSEND = YES;
				ENABLE_TESTABILITY = YES;
				GCC_C_LANGUAGE_STANDARD = gnu99;
				GCC_DYNAMIC_NO_PIC = NO;
				GCC_NO_COMMON_BLOCKS = YES;
				GCC_OPTIMIZATION_LEVEL = 0;
				GCC_PREPROCESSOR_DEFINITIONS = (
					"DEBUG=1",
					"$(inherited)",
				);
				GCC_WARN_64_TO_32_BIT_CONVERSION = YES;
				GCC_WARN_ABOUT_RETURN_TYPE = YES_ERROR;
				GCC_WARN_UNDECLARED_SELECTOR = YES;
				GCC_WARN_UNINITIALIZED_AUTOS = YES_AGGRESSIVE;
				GCC_WARN_UNUSED_FUNCTION = YES;
				GCC_WARN_UNUSED_VARIABLE = YES;
				MACOSX_DEPLOYMENT_TARGET = 10.11;
				MTL_ENABLE_DEBUG_INFO = YES;
				ONLY_ACTIVE_ARCH = YES;
				SDKROOT = macosx;
			};
			name = Debug;
		};
		04D20EDC1D83AE8800D130DD /* Release */ = {
			isa = XCBuildConfiguration;
			buildSettings = {
				ALWAYS_SEARCH_USER_PATHS = NO;
				CLANG_ANALYZER_NONNULL = YES;
				CLANG_CXX_LANGUAGE_STANDARD = "gnu++0x";
				CLANG_CXX_LIBRARY = "libc++";
				CLANG_ENABLE_MODULES = YES;
				CLANG_ENABLE_OBJC_ARC = YES;
				CLANG_WARN_BOOL_CONVERSION = YES;
				CLANG_WARN_CONSTANT_CONVERSION = YES;
				CLANG_WARN_DIRECT_OBJC_ISA_USAGE = YES_ERROR;
				CLANG_WARN_EMPTY_BODY = YES;
				CLANG_WARN_ENUM_CONVERSION = YES;
				CLANG_WARN_INT_CONVERSION = YES;
				CLANG_WARN_OBJC_ROOT_CLASS = YES_ERROR;
				CLANG_WARN_UNREACHABLE_CODE = YES;
				CLANG_WARN__DUPLICATE_METHOD_MATCH = YES;
				CODE_SIGN_IDENTITY = "-";
				COPY_PHASE_STRIP = NO;
				DEBUG_INFORMATION_FORMAT = "dwarf-with-dsym";
				ENABLE_NS_ASSERTIONS = NO;
				ENABLE_STRICT_OBJC_MSGSEND = YES;
				GCC_C_LANGUAGE_STANDARD = gnu99;
				GCC_NO_COMMON_BLOCKS = YES;
				GCC_WARN_64_TO_32_BIT_CONVERSION = YES;
				GCC_WARN_ABOUT_RETURN_TYPE = YES_ERROR;
				GCC_WARN_UNDECLARED_SELECTOR = YES;
				GCC_WARN_UNINITIALIZED_AUTOS = YES_AGGRESSIVE;
				GCC_WARN_UNUSED_FUNCTION = YES;
				GCC_WARN_UNUSED_VARIABLE = YES;
				MACOSX_DEPLOYMENT_TARGET = 10.11;
				MTL_ENABLE_DEBUG_INFO = NO;
				SDKROOT = macosx;
			};
			name = Release;
		};
		04D20EDE1D83AE8800D130DD /* Debug */ = {
			isa = XCBuildConfiguration;
			buildSettings = {
				HEADER_SEARCH_PATHS = (
					/usr/local/opt/openssl/include,
					/usr/local/Cellar/boost/1.60.0_2/include,
				);
				LIBRARY_SEARCH_PATHS = (
					"$(inherited)",
					/usr/local/Cellar/openssl/1.0.2h_1/lib,
				);
				OTHER_LDFLAGS = "-L/usr/local/opt/openssl/lib";
				PRODUCT_NAME = "$(TARGET_NAME)";
			};
			name = Debug;
		};
		04D20EDF1D83AE8800D130DD /* Release */ = {
			isa = XCBuildConfiguration;
			buildSettings = {
				HEADER_SEARCH_PATHS = (
					/usr/local/opt/openssl/include,
					/usr/local/Cellar/boost/1.60.0_2/include,
				);
				LIBRARY_SEARCH_PATHS = (
					"$(inherited)",
					/usr/local/Cellar/openssl/1.0.2h_1/lib,
				);
				OTHER_LDFLAGS = "-L/usr/local/opt/openssl/lib";
				PRODUCT_NAME = "$(TARGET_NAME)";
			};
			name = Release;
		};
/* End XCBuildConfiguration section */

/* Begin XCConfigurationList section */
		04D20ED11D83AE8800D130DD /* Build configuration list for PBXProject "DuplicateFinder" */ = {
			isa = XCConfigurationList;
			buildConfigurations = (
				04D20EDB1D83AE8800D130DD /* Debug */,
				04D20EDC1D83AE8800D130DD /* Release */,
			);
			defaultConfigurationIsVisible = 0;
			defaultConfigurationName = Release;
		};
		04D20EDD1D83AE8800D130DD /* Build configuration list for PBXNativeTarget "DuplicateFinder" */ = {
			isa = XCConfigurationList;
			buildConfigurations = (
				04D20EDE1D83AE8800D130DD /* Debug */,
				04D20EDF1D83AE8800D130DD /* Release */,
			);
			defaultConfigurationIsVisible = 0;
			defaultConfigurationName = Release;
		};
/* End XCConfigurationList section */
	};
	rootObject = 04D20ECE1D83AE8800D130DD /* Project object */;
}
